
Microsoft Visual Studio Solution File, Format Version 12.00
# Visual Studio 15
VisualStudioVersion = 15.0.26730.12
MinimumVisualStudioVersion = 10.0.40219.1
Project("{9A19103F-16F7-4668-BE54-9A1E7A4F7556}") = "SimpleTokenProvider", "src\SimpleTokenProvider\SimpleTokenProvider.csproj", "{0D10DF4D-D809-4558-8B78-77E2F8D9541D}"
EndProject
Global
	GlobalSection(SolutionConfigurationPlatforms) = preSolution
		Debug|Any CPU = Debug|Any CPU
		Release|Any CPU = Release|Any CPU
	EndGlobalSection
	GlobalSection(ProjectConfigurationPlatforms) = postSolution
		{0D10DF4D-D809-4558-8B78-77E2F8D9541D}.Debug|Any CPU.ActiveCfg = Debug|Any CPU
		{0D10DF4D-D809-4558-8B78-77E2F8D9541D}.Debug|Any CPU.Build.0 = Debug|Any CPU
		{0D10DF4D-D809-4558-8B78-77E2F8D9541D}.Release|Any CPU.ActiveCfg = Release|Any CPU
		{0D10DF4D-D809-4558-8B78-77E2F8D9541D}.Release|Any CPU.Build.0 = Release|Any CPU
	EndGlobalSection
	GlobalSection(SolutionProperties) = preSolution
		HideSolutionNode = FALSE
	EndGlobalSection
	GlobalSection(ExtensibilityGlobals) = postSolution
		SolutionGuid = {A85EDD3E-BFA2-491C-BE8F-BC7FB9B6DA8D}
	EndGlobalSection
EndGlobal
